
Microsoft Visual Studio Solution File, Format Version 12.00
# Visual Studio Version 17
VisualStudioVersion = 17.2.32630.192
MinimumVisualStudioVersion = 10.0.40219.1
Project("{2150E333-8FDC-42A3-9474-1A3956D46DE8}") = "src", "src", "{3346DAAD-3834-4B4C-8B54-C491E97F5D1B}"
EndProject
Project("{2150E333-8FDC-42A3-9474-1A3956D46DE8}") = "programmingLanguages", "programmingLanguages", "{2F12630E-A432-4375-93B5-E2EB09A6DC25}"
EndProject
Project("{9A19103F-16F7-4668-BE54-9A1E7A4F7556}") = "Application", "src\programmingLanguages\Application\Application.csproj", "{39A208AE-79A1-4A76-8B71-B410C06333EB}"
EndProject
Project("{FAE04EC0-301F-11D3-BF4B-00C04F79EFBC}") = "Domain", "src\programmingLanguages\Domain\Domain.csproj", "{83357751-FDE8-4CFA-8C41-D85E4251FA23}"
EndProject
Project("{FAE04EC0-301F-11D3-BF4B-00C04F79EFBC}") = "Infrastructure", "src\programmingLanguages\Infrastructure\Infrastructure.csproj", "{AF2BF3A2-7E46-4932-98DE-08D3098DB492}"
EndProject
Project("{FAE04EC0-301F-11D3-BF4B-00C04F79EFBC}") = "Persistence", "src\programmingLanguages\Persistence\Persistence.csproj", "{5AC85702-0784-4D53-AB11-ADE0C6222470}"
EndProject
Project("{FAE04EC0-301F-11D3-BF4B-00C04F79EFBC}") = "WebAPI", "src\programmingLanguages\WebAPI\WebAPI.csproj", "{B3122C42-AAFF-4367-9944-8B7AF3116422}"
EndProject
Global
	GlobalSection(SolutionConfigurationPlatforms) = preSolution
		Debug|Any CPU = Debug|Any CPU
		Release|Any CPU = Release|Any CPU
	EndGlobalSection
	GlobalSection(ProjectConfigurationPlatforms) = postSolution
		{39A208AE-79A1-4A76-8B71-B410C06333EB}.Debug|Any CPU.ActiveCfg = Debug|Any CPU
		{39A208AE-79A1-4A76-8B71-B410C06333EB}.Debug|Any CPU.Build.0 = Debug|Any CPU
		{39A208AE-79A1-4A76-8B71-B410C06333EB}.Release|Any CPU.ActiveCfg = Release|Any CPU
		{39A208AE-79A1-4A76-8B71-B410C06333EB}.Release|Any CPU.Build.0 = Release|Any CPU
		{83357751-FDE8-4CFA-8C41-D85E4251FA23}.Debug|Any CPU.ActiveCfg = Debug|Any CPU
		{83357751-FDE8-4CFA-8C41-D85E4251FA23}.Debug|Any CPU.Build.0 = Debug|Any CPU
		{83357751-FDE8-4CFA-8C41-D85E4251FA23}.Release|Any CPU.ActiveCfg = Release|Any CPU
		{83357751-FDE8-4CFA-8C41-D85E4251FA23}.Release|Any CPU.Build.0 = Release|Any CPU
		{AF2BF3A2-7E46-4932-98DE-08D3098DB492}.Debug|Any CPU.ActiveCfg = Debug|Any CPU
		{AF2BF3A2-7E46-4932-98DE-08D3098DB492}.Debug|Any CPU.Build.0 = Debug|Any CPU
		{AF2BF3A2-7E46-4932-98DE-08D3098DB492}.Release|Any CPU.ActiveCfg = Release|Any CPU
		{AF2BF3A2-7E46-4932-98DE-08D3098DB492}.Release|Any CPU.Build.0 = Release|Any CPU
		{5AC85702-0784-4D53-AB11-ADE0C6222470}.Debug|Any CPU.ActiveCfg = Debug|Any CPU
		{5AC85702-0784-4D53-AB11-ADE0C6222470}.Debug|Any CPU.Build.0 = Debug|Any CPU
		{5AC85702-0784-4D53-AB11-ADE0C6222470}.Release|Any CPU.ActiveCfg = Release|Any CPU
		{5AC85702-0784-4D53-AB11-ADE0C6222470}.Release|Any CPU.Build.0 = Release|Any CPU
		{B3122C42-AAFF-4367-9944-8B7AF3116422}.Debug|Any CPU.ActiveCfg = Debug|Any CPU
		{B3122C42-AAFF-4367-9944-8B7AF3116422}.Debug|Any CPU.Build.0 = Debug|Any CPU
		{B3122C42-AAFF-4367-9944-8B7AF3116422}.Release|Any CPU.ActiveCfg = Release|Any CPU
		{B3122C42-AAFF-4367-9944-8B7AF3116422}.Release|Any CPU.Build.0 = Release|Any CPU
	EndGlobalSection
	GlobalSection(SolutionProperties) = preSolution
		HideSolutionNode = FALSE
	EndGlobalSection
	GlobalSection(NestedProjects) = preSolution
		{2F12630E-A432-4375-93B5-E2EB09A6DC25} = {3346DAAD-3834-4B4C-8B54-C491E97F5D1B}
		{39A208AE-79A1-4A76-8B71-B410C06333EB} = {2F12630E-A432-4375-93B5-E2EB09A6DC25}
		{83357751-FDE8-4CFA-8C41-D85E4251FA23} = {2F12630E-A432-4375-93B5-E2EB09A6DC25}
		{AF2BF3A2-7E46-4932-98DE-08D3098DB492} = {2F12630E-A432-4375-93B5-E2EB09A6DC25}
		{5AC85702-0784-4D53-AB11-ADE0C6222470} = {2F12630E-A432-4375-93B5-E2EB09A6DC25}
		{B3122C42-AAFF-4367-9944-8B7AF3116422} = {2F12630E-A432-4375-93B5-E2EB09A6DC25}
	EndGlobalSection
	GlobalSection(ExtensibilityGlobals) = postSolution
		SolutionGuid = {1208BB35-A89B-4EE7-916E-7FB5802B4A8E}
	EndGlobalSection
EndGlobal
